{
  "requires": true,
  "lockfileVersion": 1,
  "dependencies": {
    "ui-bootstrap4": {
      "version": "3.0.6",
      "resolved": "https://registry.npmjs.org/ui-bootstrap4/-/ui-bootstrap4-3.0.6.tgz",
      "integrity": "sha512-Kh38WAu/S8EiyKRMaATkFjsbQplJHvP+g2lxitE5SbjQTDieua8T7d+mQNxbxTjfmJqGtVzsHQCHRmBVdKPeOg=="
    }
  }
}
