
Microsoft Visual Studio Solution File, Format Version 12.00
# Visual Studio 15
VisualStudioVersion = 15.0.28307.645
MinimumVisualStudioVersion = 10.0.40219.1
Project("{FAE04EC0-301F-11D3-BF4B-00C04F79EFBC}") = "MVC_Project_Work_02", "MVC_Project_Work_02\MVC_Project_Work_02.csproj", "{F901EE09-8BA4-4B67-B7D3-BF2FEF8A2813}"
EndProject
Global
	GlobalSection(SolutionConfigurationPlatforms) = preSolution
		Debug|Any CPU = Debug|Any CPU
		Release|Any CPU = Release|Any CPU
	EndGlobalSection
	GlobalSection(ProjectConfigurationPlatforms) = postSolution
		{F901EE09-8BA4-4B67-B7D3-BF2FEF8A2813}.Debug|Any CPU.ActiveCfg = Debug|Any CPU
		{F901EE09-8BA4-4B67-B7D3-BF2FEF8A2813}.Debug|Any CPU.Build.0 = Debug|Any CPU
		{F901EE09-8BA4-4B67-B7D3-BF2FEF8A2813}.Release|Any CPU.ActiveCfg = Release|Any CPU
		{F901EE09-8BA4-4B67-B7D3-BF2FEF8A2813}.Release|Any CPU.Build.0 = Release|Any CPU
	EndGlobalSection
	GlobalSection(SolutionProperties) = preSolution
		HideSolutionNode = FALSE
	EndGlobalSection
	GlobalSection(ExtensibilityGlobals) = postSolution
		SolutionGuid = {A7979398-DB9D-434A-AC5A-3AB698CE8A3B}
	EndGlobalSection
EndGlobal
